// !$*UTF8*$!
{
	archiveVersion = 1;
	classes = {
	};
	objectVersion = 56;
	objects = {

/* Begin PBXBuildFile section */
		47C882702A016DA80095E938 /* AppDelegate.swift in Sources */ = {isa = PBXBuildFile; fileRef = 47C8826F2A016DA80095E938 /* AppDelegate.swift */; };
		47C882722A016DA80095E938 /* SceneDelegate.swift in Sources */ = {isa = PBXBuildFile; fileRef = 47C882712A016DA80095E938 /* SceneDelegate.swift */; };
		47C882792A016DAB0095E938 /* Assets.xcassets in Resources */ = {isa = PBXBuildFile; fileRef = 47C882782A016DAB0095E938 /* Assets.xcassets */; };
		47C8827C2A016DAB0095E938 /* LaunchScreen.storyboard in Resources */ = {isa = PBXBuildFile; fileRef = 47C8827A2A016DAB0095E938 /* LaunchScreen.storyboard */; };
		47C882852A016DD30095E938 /* SnapKit in Frameworks */ = {isa = PBXBuildFile; productRef = 47C882842A016DD30095E938 /* SnapKit */; };
		47C882962A016EBA0095E938 /* DetailStocksEntity.swift in Sources */ = {isa = PBXBuildFile; fileRef = 47C8828A2A016EBA0095E938 /* DetailStocksEntity.swift */; };
		47C882972A016EBA0095E938 /* DetailStocksPresenter.swift in Sources */ = {isa = PBXBuildFile; fileRef = 47C8828C2A016EBA0095E938 /* DetailStocksPresenter.swift */; };
		47C882992A016EBA0095E938 /* DetailStocksViewController.swift in Sources */ = {isa = PBXBuildFile; fileRef = 47C8828F2A016EBA0095E938 /* DetailStocksViewController.swift */; };
		47C8829A2A016EBA0095E938 /* DetailStocksConfigurator.swift in Sources */ = {isa = PBXBuildFile; fileRef = 47C882912A016EBA0095E938 /* DetailStocksConfigurator.swift */; };
		47C8829B2A016EBA0095E938 /* DetailStocksInteractor.swift in Sources */ = {isa = PBXBuildFile; fileRef = 47C882932A016EBA0095E938 /* DetailStocksInteractor.swift */; };
		47C8829C2A016EBA0095E938 /* DetailStocksRouter.swift in Sources */ = {isa = PBXBuildFile; fileRef = 47C882952A016EBA0095E938 /* DetailStocksRouter.swift */; };
		47C8829F2A016FE70095E938 /* DetailStockView.swift in Sources */ = {isa = PBXBuildFile; fileRef = 47C8829E2A016FE70095E938 /* DetailStockView.swift */; };
/* End PBXBuildFile section */

/* Begin PBXFileReference section */
		47C8826C2A016DA80095E938 /* SnapkitTest2.app */ = {isa = PBXFileReference; explicitFileType = wrapper.application; includeInIndex = 0; path = SnapkitTest2.app; sourceTree = BUILT_PRODUCTS_DIR; };
		47C8826F2A016DA80095E938 /* AppDelegate.swift */ = {isa = PBXFileReference; lastKnownFileType = sourcecode.swift; path = AppDelegate.swift; sourceTree = "<group>"; };
		47C882712A016DA80095E938 /* SceneDelegate.swift */ = {isa = PBXFileReference; lastKnownFileType = sourcecode.swift; path = SceneDelegate.swift; sourceTree = "<group>"; };
		47C882782A016DAB0095E938 /* Assets.xcassets */ = {isa = PBXFileReference; lastKnownFileType = folder.assetcatalog; path = Assets.xcassets; sourceTree = "<group>"; };
		47C8827B2A016DAB0095E938 /* Base */ = {isa = PBXFileReference; lastKnownFileType = file.storyboard; name = Base; path = Base.lproj/LaunchScreen.storyboard; sourceTree = "<group>"; };
		47C8827D2A016DAB0095E938 /* Info.plist */ = {isa = PBXFileReference; lastKnownFileType = text.plist.xml; path = Info.plist; sourceTree = "<group>"; };
		47C8828A2A016EBA0095E938 /* DetailStocksEntity.swift */ = {isa = PBXFileReference; fileEncoding = 4; lastKnownFileType = sourcecode.swift; path = DetailStocksEntity.swift; sourceTree = "<group>"; };
		47C8828C2A016EBA0095E938 /* DetailStocksPresenter.swift */ = {isa = PBXFileReference; fileEncoding = 4; lastKnownFileType = sourcecode.swift; path = DetailStocksPresenter.swift; sourceTree = "<group>"; };
		47C8828F2A016EBA0095E938 /* DetailStocksViewController.swift */ = {isa = PBXFileReference; fileEncoding = 4; lastKnownFileType = sourcecode.swift; path = DetailStocksViewController.swift; sourceTree = "<group>"; };
		47C882912A016EBA0095E938 /* DetailStocksConfigurator.swift */ = {isa = PBXFileReference; fileEncoding = 4; lastKnownFileType = sourcecode.swift; path = DetailStocksConfigurator.swift; sourceTree = "<group>"; };
		47C882932A016EBA0095E938 /* DetailStocksInteractor.swift */ = {isa = PBXFileReference; fileEncoding = 4; lastKnownFileType = sourcecode.swift; path = DetailStocksInteractor.swift; sourceTree = "<group>"; };
		47C882952A016EBA0095E938 /* DetailStocksRouter.swift */ = {isa = PBXFileReference; fileEncoding = 4; lastKnownFileType = sourcecode.swift; path = DetailStocksRouter.swift; sourceTree = "<group>"; };
		47C8829E2A016FE70095E938 /* DetailStockView.swift */ = {isa = PBXFileReference; lastKnownFileType = sourcecode.swift; path = DetailStockView.swift; sourceTree = "<group>"; };
/* End PBXFileReference section */

/* Begin PBXFrameworksBuildPhase section */
		47C882692A016DA80095E938 /* Frameworks */ = {
			isa = PBXFrameworksBuildPhase;
			buildActionMask = 2147483647;
			files = (
				47C882852A016DD30095E938 /* SnapKit in Frameworks */,
			);
			runOnlyForDeploymentPostprocessing = 0;
		};
/* End PBXFrameworksBuildPhase section */

/* Begin PBXGroup section */
		47C882632A016DA80095E938 = {
			isa = PBXGroup;
			children = (
				47C8826E2A016DA80095E938 /* SnapkitTest2 */,
				47C8826D2A016DA80095E938 /* Products */,
			);
			sourceTree = "<group>";
		};
		47C8826D2A016DA80095E938 /* Products */ = {
			isa = PBXGroup;
			children = (
				47C8826C2A016DA80095E938 /* SnapkitTest2.app */,
			);
			name = Products;
			sourceTree = "<group>";
		};
		47C8826E2A016DA80095E938 /* SnapkitTest2 */ = {
			isa = PBXGroup;
			children = (
				47C8826F2A016DA80095E938 /* AppDelegate.swift */,
				47C882712A016DA80095E938 /* SceneDelegate.swift */,
				47C882882A016EBA0095E938 /* DetailStocks */,
				47C8827A2A016DAB0095E938 /* LaunchScreen.storyboard */,
				47C882782A016DAB0095E938 /* Assets.xcassets */,
				47C8827D2A016DAB0095E938 /* Info.plist */,
			);
			path = SnapkitTest2;
			sourceTree = "<group>";
		};
		47C882882A016EBA0095E938 /* DetailStocks */ = {
			isa = PBXGroup;
			children = (
				47C8828D2A016EBA0095E938 /* View */,
				47C8829D2A016F550095E938 /* Controller */,
				47C8828B2A016EBA0095E938 /* Presenter */,
				47C882922A016EBA0095E938 /* Interactor */,
				47C882942A016EBA0095E938 /* Router */,
				47C882902A016EBA0095E938 /* Configurator */,
				47C882892A016EBA0095E938 /* Entity */,
			);
			path = DetailStocks;
			sourceTree = "<group>";
		};
		47C882892A016EBA0095E938 /* Entity */ = {
			isa = PBXGroup;
			children = (
				47C8828A2A016EBA0095E938 /* DetailStocksEntity.swift */,
			);
			path = Entity;
			sourceTree = "<group>";
		};
		47C8828B2A016EBA0095E938 /* Presenter */ = {
			isa = PBXGroup;
			children = (
				47C8828C2A016EBA0095E938 /* DetailStocksPresenter.swift */,
			);
			path = Presenter;
			sourceTree = "<group>";
		};
		47C8828D2A016EBA0095E938 /* View */ = {
			isa = PBXGroup;
			children = (
				47C8829E2A016FE70095E938 /* DetailStockView.swift */,
			);
			path = View;
			sourceTree = "<group>";
		};
		47C882902A016EBA0095E938 /* Configurator */ = {
			isa = PBXGroup;
			children = (
				47C882912A016EBA0095E938 /* DetailStocksConfigurator.swift */,
			);
			path = Configurator;
			sourceTree = "<group>";
		};
		47C882922A016EBA0095E938 /* Interactor */ = {
			isa = PBXGroup;
			children = (
				47C882932A016EBA0095E938 /* DetailStocksInteractor.swift */,
			);
			path = Interactor;
			sourceTree = "<group>";
		};
		47C882942A016EBA0095E938 /* Router */ = {
			isa = PBXGroup;
			children = (
				47C882952A016EBA0095E938 /* DetailStocksRouter.swift */,
			);
			path = Router;
			sourceTree = "<group>";
		};
		47C8829D2A016F550095E938 /* Controller */ = {
			isa = PBXGroup;
			children = (
				47C8828F2A016EBA0095E938 /* DetailStocksViewController.swift */,
			);
			path = Controller;
			sourceTree = "<group>";
		};
/* End PBXGroup section */

/* Begin PBXNativeTarget section */
		47C8826B2A016DA80095E938 /* SnapkitTest2 */ = {
			isa = PBXNativeTarget;
			buildConfigurationList = 47C882802A016DAB0095E938 /* Build configuration list for PBXNativeTarget "SnapkitTest2" */;
			buildPhases = (
				47C882682A016DA80095E938 /* Sources */,
				47C882692A016DA80095E938 /* Frameworks */,
				47C8826A2A016DA80095E938 /* Resources */,
			);
			buildRules = (
			);
			dependencies = (
			);
			name = SnapkitTest2;
			packageProductDependencies = (
				47C882842A016DD30095E938 /* SnapKit */,
			);
			productName = SnapkitTest2;
			productReference = 47C8826C2A016DA80095E938 /* SnapkitTest2.app */;
			productType = "com.apple.product-type.application";
		};
/* End PBXNativeTarget section */

/* Begin PBXProject section */
		47C882642A016DA80095E938 /* Project object */ = {
			isa = PBXProject;
			attributes = {
				BuildIndependentTargetsInParallel = 1;
				LastSwiftUpdateCheck = 1430;
				LastUpgradeCheck = 1430;
				TargetAttributes = {
					47C8826B2A016DA80095E938 = {
						CreatedOnToolsVersion = 14.3;
					};
				};
			};
			buildConfigurationList = 47C882672A016DA80095E938 /* Build configuration list for PBXProject "SnapkitTest2" */;
			compatibilityVersion = "Xcode 14.0";
			developmentRegion = en;
			hasScannedForEncodings = 0;
			knownRegions = (
				en,
				Base,
			);
			mainGroup = 47C882632A016DA80095E938;
			packageReferences = (
				47C882832A016DD30095E938 /* XCRemoteSwiftPackageReference "SnapKit" */,
			);
			productRefGroup = 47C8826D2A016DA80095E938 /* Products */;
			projectDirPath = "";
			projectRoot = "";
			targets = (
				47C8826B2A016DA80095E938 /* SnapkitTest2 */,
			);
		};
/* End PBXProject section */

/* Begin PBXResourcesBuildPhase section */
		47C8826A2A016DA80095E938 /* Resources */ = {
			isa = PBXResourcesBuildPhase;
			buildActionMask = 2147483647;
			files = (
				47C8827C2A016DAB0095E938 /* LaunchScreen.storyboard in Resources */,
				47C882792A016DAB0095E938 /* Assets.xcassets in Resources */,
			);
			runOnlyForDeploymentPostprocessing = 0;
		};
/* End PBXResourcesBuildPhase section */

/* Begin PBXSourcesBuildPhase section */
		47C882682A016DA80095E938 /* Sources */ = {
			isa = PBXSourcesBuildPhase;
			buildActionMask = 2147483647;
			files = (
				47C8829B2A016EBA0095E938 /* DetailStocksInteractor.swift in Sources */,
				47C882972A016EBA0095E938 /* DetailStocksPresenter.swift in Sources */,
				47C882702A016DA80095E938 /* AppDelegate.swift in Sources */,
				47C882962A016EBA0095E938 /* DetailStocksEntity.swift in Sources */,
				47C882722A016DA80095E938 /* SceneDelegate.swift in Sources */,
				47C8829A2A016EBA0095E938 /* DetailStocksConfigurator.swift in Sources */,
				47C8829F2A016FE70095E938 /* DetailStockView.swift in Sources */,
				47C8829C2A016EBA0095E938 /* DetailStocksRouter.swift in Sources */,
				47C882992A016EBA0095E938 /* DetailStocksViewController.swift in Sources */,
			);
			runOnlyForDeploymentPostprocessing = 0;
		};
/* End PBXSourcesBuildPhase section */

/* Begin PBXVariantGroup section */
		47C8827A2A016DAB0095E938 /* LaunchScreen.storyboard */ = {
			isa = PBXVariantGroup;
			children = (
				47C8827B2A016DAB0095E938 /* Base */,
			);
			name = LaunchScreen.storyboard;
			sourceTree = "<group>";
		};
/* End PBXVariantGroup section */

/* Begin XCBuildConfiguration section */
		47C8827E2A016DAB0095E938 /* Debug */ = {
			isa = XCBuildConfiguration;
			buildSettings = {
				ALWAYS_SEARCH_USER_PATHS = NO;
				CLANG_ANALYZER_NONNULL = YES;
				CLANG_ANALYZER_NUMBER_OBJECT_CONVERSION = YES_AGGRESSIVE;
				CLANG_CXX_LANGUAGE_STANDARD = "gnu++20";
				CLANG_ENABLE_MODULES = YES;
				CLANG_ENABLE_OBJC_ARC = YES;
				CLANG_ENABLE_OBJC_WEAK = YES;
				CLANG_WARN_BLOCK_CAPTURE_AUTORELEASING = YES;
				CLANG_WARN_BOOL_CONVERSION = YES;
				CLANG_WARN_COMMA = YES;
				CLANG_WARN_CONSTANT_CONVERSION = YES;
				CLANG_WARN_DEPRECATED_OBJC_IMPLEMENTATIONS = YES;
				CLANG_WARN_DIRECT_OBJC_ISA_USAGE = YES_ERROR;
				CLANG_WARN_DOCUMENTATION_COMMENTS = YES;
				CLANG_WARN_EMPTY_BODY = YES;
				CLANG_WARN_ENUM_CONVERSION = YES;
				CLANG_WARN_INFINITE_RECURSION = YES;
				CLANG_WARN_INT_CONVERSION = YES;
				CLANG_WARN_NON_LITERAL_NULL_CONVERSION = YES;
				CLANG_WARN_OBJC_IMPLICIT_RETAIN_SELF = YES;
				CLANG_WARN_OBJC_LITERAL_CONVERSION = YES;
				CLANG_WARN_OBJC_ROOT_CLASS = YES_ERROR;
				CLANG_WARN_QUOTED_INCLUDE_IN_FRAMEWORK_HEADER = YES;
				CLANG_WARN_RANGE_LOOP_ANALYSIS = YES;
				CLANG_WARN_STRICT_PROTOTYPES = YES;
				CLANG_WARN_SUSPICIOUS_MOVE = YES;
				CLANG_WARN_UNGUARDED_AVAILABILITY = YES_AGGRESSIVE;
				CLANG_WARN_UNREACHABLE_CODE = YES;
				CLANG_WARN__DUPLICATE_METHOD_MATCH = YES;
				COPY_PHASE_STRIP = NO;
				DEBUG_INFORMATION_FORMAT = dwarf;
				ENABLE_STRICT_OBJC_MSGSEND = YES;
				ENABLE_TESTABILITY = YES;
				GCC_C_LANGUAGE_STANDARD = gnu11;
				GCC_DYNAMIC_NO_PIC = NO;
				GCC_NO_COMMON_BLOCKS = YES;
				GCC_OPTIMIZATION_LEVEL = 0;
				GCC_PREPROCESSOR_DEFINITIONS = (
					"DEBUG=1",
					"$(inherited)",
				);
				GCC_WARN_64_TO_32_BIT_CONVERSION = YES;
				GCC_WARN_ABOUT_RETURN_TYPE = YES_ERROR;
				GCC_WARN_UNDECLARED_SELECTOR = YES;
				GCC_WARN_UNINITIALIZED_AUTOS = YES_AGGRESSIVE;
				GCC_WARN_UNUSED_FUNCTION = YES;
				GCC_WARN_UNUSED_VARIABLE = YES;
				IPHONEOS_DEPLOYMENT_TARGET = 16.4;
				MTL_ENABLE_DEBUG_INFO = INCLUDE_SOURCE;
				MTL_FAST_MATH = YES;
				ONLY_ACTIVE_ARCH = YES;
				SDKROOT = iphoneos;
				SWIFT_ACTIVE_COMPILATION_CONDITIONS = DEBUG;
				SWIFT_OPTIMIZATION_LEVEL = "-Onone";
			};
			name = Debug;
		};
		47C8827F2A016DAB0095E938 /* Release */ = {
			isa = XCBuildConfiguration;
			buildSettings = {
				ALWAYS_SEARCH_USER_PATHS = NO;
				CLANG_ANALYZER_NONNULL = YES;
				CLANG_ANALYZER_NUMBER_OBJECT_CONVERSION = YES_AGGRESSIVE;
				CLANG_CXX_LANGUAGE_STANDARD = "gnu++20";
				CLANG_ENABLE_MODULES = YES;
				CLANG_ENABLE_OBJC_ARC = YES;
				CLANG_ENABLE_OBJC_WEAK = YES;
				CLANG_WARN_BLOCK_CAPTURE_AUTORELEASING = YES;
				CLANG_WARN_BOOL_CONVERSION = YES;
				CLANG_WARN_COMMA = YES;
				CLANG_WARN_CONSTANT_CONVERSION = YES;
				CLANG_WARN_DEPRECATED_OBJC_IMPLEMENTATIONS = YES;
				CLANG_WARN_DIRECT_OBJC_ISA_USAGE = YES_ERROR;
				CLANG_WARN_DOCUMENTATION_COMMENTS = YES;
				CLANG_WARN_EMPTY_BODY = YES;
				CLANG_WARN_ENUM_CONVERSION = YES;
				CLANG_WARN_INFINITE_RECURSION = YES;
				CLANG_WARN_INT_CONVERSION = YES;
				CLANG_WARN_NON_LITERAL_NULL_CONVERSION = YES;
				CLANG_WARN_OBJC_IMPLICIT_RETAIN_SELF = YES;
				CLANG_WARN_OBJC_LITERAL_CONVERSION = YES;
				CLANG_WARN_OBJC_ROOT_CLASS = YES_ERROR;
				CLANG_WARN_QUOTED_INCLUDE_IN_FRAMEWORK_HEADER = YES;
				CLANG_WARN_RANGE_LOOP_ANALYSIS = YES;
				CLANG_WARN_STRICT_PROTOTYPES = YES;
				CLANG_WARN_SUSPICIOUS_MOVE = YES;
				CLANG_WARN_UNGUARDED_AVAILABILITY = YES_AGGRESSIVE;
				CLANG_WARN_UNREACHABLE_CODE = YES;
				CLANG_WARN__DUPLICATE_METHOD_MATCH = YES;
				COPY_PHASE_STRIP = NO;
				DEBUG_INFORMATION_FORMAT = "dwarf-with-dsym";
				ENABLE_NS_ASSERTIONS = NO;
				ENABLE_STRICT_OBJC_MSGSEND = YES;
				GCC_C_LANGUAGE_STANDARD = gnu11;
				GCC_NO_COMMON_BLOCKS = YES;
				GCC_WARN_64_TO_32_BIT_CONVERSION = YES;
				GCC_WARN_ABOUT_RETURN_TYPE = YES_ERROR;
				GCC_WARN_UNDECLARED_SELECTOR = YES;
				GCC_WARN_UNINITIALIZED_AUTOS = YES_AGGRESSIVE;
				GCC_WARN_UNUSED_FUNCTION = YES;
				GCC_WARN_UNUSED_VARIABLE = YES;
				IPHONEOS_DEPLOYMENT_TARGET = 16.4;
				MTL_ENABLE_DEBUG_INFO = NO;
				MTL_FAST_MATH = YES;
				SDKROOT = iphoneos;
				SWIFT_COMPILATION_MODE = wholemodule;
				SWIFT_OPTIMIZATION_LEVEL = "-O";
				VALIDATE_PRODUCT = YES;
			};
			name = Release;
		};
		47C882812A016DAB0095E938 /* Debug */ = {
			isa = XCBuildConfiguration;
			buildSettings = {
				ASSETCATALOG_COMPILER_APPICON_NAME = AppIcon;
				ASSETCATALOG_COMPILER_GLOBAL_ACCENT_COLOR_NAME = AccentColor;
				CODE_SIGN_STYLE = Automatic;
				CURRENT_PROJECT_VERSION = 1;
				DEVELOPMENT_TEAM = 5Z4D52JJF3;
				GENERATE_INFOPLIST_FILE = YES;
				INFOPLIST_FILE = SnapkitTest2/Info.plist;
				INFOPLIST_KEY_UIApplicationSupportsIndirectInputEvents = YES;
				INFOPLIST_KEY_UILaunchStoryboardName = LaunchScreen;
				INFOPLIST_KEY_UISupportedInterfaceOrientations_iPad = "UIInterfaceOrientationPortrait UIInterfaceOrientationPortraitUpsideDown UIInterfaceOrientationLandscapeLeft UIInterfaceOrientationLandscapeRight";
				INFOPLIST_KEY_UISupportedInterfaceOrientations_iPhone = "UIInterfaceOrientationPortrait UIInterfaceOrientationLandscapeLeft UIInterfaceOrientationLandscapeRight";
				LD_RUNPATH_SEARCH_PATHS = (
					"$(inherited)",
					"@executable_path/Frameworks",
				);
				MARKETING_VERSION = 1.0;
				PRODUCT_BUNDLE_IDENTIFIER = "-23.SnapkitTest2";
				PRODUCT_NAME = "$(TARGET_NAME)";
				SWIFT_EMIT_LOC_STRINGS = YES;
				SWIFT_VERSION = 5.0;
				TARGETED_DEVICE_FAMILY = "1,2";
			};
			name = Debug;
		};
		47C882822A016DAB0095E938 /* Release */ = {
			isa = XCBuildConfiguration;
			buildSettings = {
				ASSETCATALOG_COMPILER_APPICON_NAME = AppIcon;
				ASSETCATALOG_COMPILER_GLOBAL_ACCENT_COLOR_NAME = AccentColor;
				CODE_SIGN_STYLE = Automatic;
				CURRENT_PROJECT_VERSION = 1;
				DEVELOPMENT_TEAM = 5Z4D52JJF3;
				GENERATE_INFOPLIST_FILE = YES;
				INFOPLIST_FILE = SnapkitTest2/Info.plist;
				INFOPLIST_KEY_UIApplicationSupportsIndirectInputEvents = YES;
				INFOPLIST_KEY_UILaunchStoryboardName = LaunchScreen;
				INFOPLIST_KEY_UISupportedInterfaceOrientations_iPad = "UIInterfaceOrientationPortrait UIInterfaceOrientationPortraitUpsideDown UIInterfaceOrientationLandscapeLeft UIInterfaceOrientationLandscapeRight";
				INFOPLIST_KEY_UISupportedInterfaceOrientations_iPhone = "UIInterfaceOrientationPortrait UIInterfaceOrientationLandscapeLeft UIInterfaceOrientationLandscapeRight";
				LD_RUNPATH_SEARCH_PATHS = (
					"$(inherited)",
					"@executable_path/Frameworks",
				);
				MARKETING_VERSION = 1.0;
				PRODUCT_BUNDLE_IDENTIFIER = "-23.SnapkitTest2";
				PRODUCT_NAME = "$(TARGET_NAME)";
				SWIFT_EMIT_LOC_STRINGS = YES;
				SWIFT_VERSION = 5.0;
				TARGETED_DEVICE_FAMILY = "1,2";
			};
			name = Release;
		};
/* End XCBuildConfiguration section */

/* Begin XCConfigurationList section */
		47C882672A016DA80095E938 /* Build configuration list for PBXProject "SnapkitTest2" */ = {
			isa = XCConfigurationList;
			buildConfigurations = (
				47C8827E2A016DAB0095E938 /* Debug */,
				47C8827F2A016DAB0095E938 /* Release */,
			);
			defaultConfigurationIsVisible = 0;
			defaultConfigurationName = Release;
		};
		47C882802A016DAB0095E938 /* Build configuration list for PBXNativeTarget "SnapkitTest2" */ = {
			isa = XCConfigurationList;
			buildConfigurations = (
				47C882812A016DAB0095E938 /* Debug */,
				47C882822A016DAB0095E938 /* Release */,
			);
			defaultConfigurationIsVisible = 0;
			defaultConfigurationName = Release;
		};
/* End XCConfigurationList section */

/* Begin XCRemoteSwiftPackageReference section */
		47C882832A016DD30095E938 /* XCRemoteSwiftPackageReference "SnapKit" */ = {
			isa = XCRemoteSwiftPackageReference;
			repositoryURL = "https://github.com/SnapKit/SnapKit.git";
			requirement = {
				kind = upToNextMajorVersion;
				minimumVersion = 5.0.0;
			};
		};
/* End XCRemoteSwiftPackageReference section */

/* Begin XCSwiftPackageProductDependency section */
		47C882842A016DD30095E938 /* SnapKit */ = {
			isa = XCSwiftPackageProductDependency;
			package = 47C882832A016DD30095E938 /* XCRemoteSwiftPackageReference "SnapKit" */;
			productName = SnapKit;
		};
/* End XCSwiftPackageProductDependency section */
	};
	rootObject = 47C882642A016DA80095E938 /* Project object */;
}
